
Microsoft Visual Studio Solution File, Format Version 12.00
# Visual Studio 15
VisualStudioVersion = 15.0.28307.421
MinimumVisualStudioVersion = 10.0.40219.1
Project("{FAE04EC0-301F-11D3-BF4B-00C04F79EFBC}") = "Exercise2", "Exercise2\Exercise2.csproj", "{59B70F73-4B5C-466A-82E0-0778AEA82194}"
EndProject
Project("{FAE04EC0-301F-11D3-BF4B-00C04F79EFBC}") = "Classes", "Classes\Classes.csproj", "{CB4E969A-9596-4F60-94E1-5BBE8A707FB1}"
EndProject
Global
	GlobalSection(SolutionConfigurationPlatforms) = preSolution
		Debug|Any CPU = Debug|Any CPU
		Release|Any CPU = Release|Any CPU
	EndGlobalSection
	GlobalSection(ProjectConfigurationPlatforms) = postSolution
		{59B70F73-4B5C-466A-82E0-0778AEA82194}.Debug|Any CPU.ActiveCfg = Debug|Any CPU
		{59B70F73-4B5C-466A-82E0-0778AEA82194}.Debug|Any CPU.Build.0 = Debug|Any CPU
		{59B70F73-4B5C-466A-82E0-0778AEA82194}.Release|Any CPU.ActiveCfg = Release|Any CPU
		{59B70F73-4B5C-466A-82E0-0778AEA82194}.Release|Any CPU.Build.0 = Release|Any CPU
		{CB4E969A-9596-4F60-94E1-5BBE8A707FB1}.Debug|Any CPU.ActiveCfg = Debug|Any CPU
		{CB4E969A-9596-4F60-94E1-5BBE8A707FB1}.Debug|Any CPU.Build.0 = Debug|Any CPU
		{CB4E969A-9596-4F60-94E1-5BBE8A707FB1}.Release|Any CPU.ActiveCfg = Release|Any CPU
		{CB4E969A-9596-4F60-94E1-5BBE8A707FB1}.Release|Any CPU.Build.0 = Release|Any CPU
	EndGlobalSection
	GlobalSection(SolutionProperties) = preSolution
		HideSolutionNode = FALSE
	EndGlobalSection
	GlobalSection(ExtensibilityGlobals) = postSolution
		SolutionGuid = {1FB77572-929F-431D-B381-D8C2C7662EBE}
	EndGlobalSection
EndGlobal
